
Microsoft Visual Studio Solution File, Format Version 12.00
# Visual Studio Version 17
VisualStudioVersion = 17.2.32526.322
MinimumVisualStudioVersion = 10.0.40219.1
Project("{9A19103F-16F7-4668-BE54-9A1E7A4F7556}") = "Catalog.API", "Services\Catalog\Catalog.API\Catalog.API.csproj", "{B7111CA7-2AEA-4E5E-A703-54AA17755854}"
EndProject
Project("{E53339B2-1760-4266-BCC7-CA923CBCF16C}") = "docker-compose", "docker-compose.dcproj", "{681554EB-49A9-4E2D-9F88-E64AE1473518}"
EndProject
Project("{2150E333-8FDC-42A3-9474-1A3956D46DE8}") = "Services", "Services", "{A0B1D57B-14AE-45D0-979B-882431145F98}"
EndProject
Project("{2150E333-8FDC-42A3-9474-1A3956D46DE8}") = "Basket", "Basket", "{2594A30A-884C-41FA-9ADE-4B9DFE2118DE}"
EndProject
Project("{9A19103F-16F7-4668-BE54-9A1E7A4F7556}") = "Basket.API", "Services\Basket\Basket.API\Basket.API.csproj", "{320AA49E-8106-4EA2-9878-E61FB0F83DBE}"
EndProject
Project("{2150E333-8FDC-42A3-9474-1A3956D46DE8}") = "Catalog", "Catalog", "{A4771E56-375F-49F6-A844-E80038F99826}"
EndProject
Project("{2150E333-8FDC-42A3-9474-1A3956D46DE8}") = "Discount", "Discount", "{8C0B77E2-A479-4490-BC34-BF36A4932D20}"
EndProject
Project("{9A19103F-16F7-4668-BE54-9A1E7A4F7556}") = "Discount.API", "Services\Discount\Discount.API\Discount.API.csproj", "{A714C48A-95FF-4588-AF48-1F01EB11CF08}"
EndProject
Project("{9A19103F-16F7-4668-BE54-9A1E7A4F7556}") = "Discount.Grpc", "Services\Discount\Discount.Grpc\Discount.Grpc.csproj", "{F75EA892-0012-400F-9574-85214AEBAC27}"
EndProject
Project("{2150E333-8FDC-42A3-9474-1A3956D46DE8}") = "Ordering", "Ordering", "{5675BFAC-4F99-47C2-81D9-17D25F4FDD8C}"
EndProject
Project("{9A19103F-16F7-4668-BE54-9A1E7A4F7556}") = "Ordering.API", "Services\Ordering\Ordering.API\Ordering.API.csproj", "{08E11E45-7878-4CE1-A6D1-E55232B79C1F}"
EndProject
Project("{9A19103F-16F7-4668-BE54-9A1E7A4F7556}") = "Ordering.Domain", "Services\Ordering\Ordering.Domain\Ordering.Domain.csproj", "{30A7E4AD-2B79-46B9-9A12-E954A50FA608}"
EndProject
Project("{9A19103F-16F7-4668-BE54-9A1E7A4F7556}") = "Ordering.Application", "Services\Ordering\Ordering.Application\Ordering.Application.csproj", "{DE5EA0FD-6175-4AFE-B0A4-EA22F495B484}"
EndProject
Project("{9A19103F-16F7-4668-BE54-9A1E7A4F7556}") = "Ordering.Infrastructure", "Services\Ordering\Ordering.Infrastructure\Ordering.Infrastructure.csproj", "{2584013C-C607-4B7B-856B-77BA994EAF50}"
EndProject
Project("{2150E333-8FDC-42A3-9474-1A3956D46DE8}") = "BuildingBlocks", "BuildingBlocks", "{7C950566-96D2-49FF-BFD6-07A95DB99FDF}"
EndProject
Project("{9A19103F-16F7-4668-BE54-9A1E7A4F7556}") = "EventBus.Messages", "BuildingBlocks\EventBus.Messages\EventBus.Messages.csproj", "{214513B4-28EB-4A55-A74D-5A74EBDC5642}"
EndProject
Project("{2150E333-8FDC-42A3-9474-1A3956D46DE8}") = "OcelotApiGw", "OcelotApiGw", "{CD171493-9D09-4795-BC36-D60DA27D2961}"
EndProject
Project("{FAE04EC0-301F-11D3-BF4B-00C04F79EFBC}") = "OcelotApiGw", "OcelotApiGw\OcelotApiGw.csproj", "{E79232B6-FB8A-4F90-8583-A0E2BB01A0E9}"
EndProject
Global
	GlobalSection(SolutionConfigurationPlatforms) = preSolution
		Debug|Any CPU = Debug|Any CPU
		Release|Any CPU = Release|Any CPU
	EndGlobalSection
	GlobalSection(ProjectConfigurationPlatforms) = postSolution
		{B7111CA7-2AEA-4E5E-A703-54AA17755854}.Debug|Any CPU.ActiveCfg = Debug|Any CPU
		{B7111CA7-2AEA-4E5E-A703-54AA17755854}.Debug|Any CPU.Build.0 = Debug|Any CPU
		{B7111CA7-2AEA-4E5E-A703-54AA17755854}.Release|Any CPU.ActiveCfg = Release|Any CPU
		{B7111CA7-2AEA-4E5E-A703-54AA17755854}.Release|Any CPU.Build.0 = Release|Any CPU
		{681554EB-49A9-4E2D-9F88-E64AE1473518}.Debug|Any CPU.ActiveCfg = Debug|Any CPU
		{681554EB-49A9-4E2D-9F88-E64AE1473518}.Debug|Any CPU.Build.0 = Debug|Any CPU
		{681554EB-49A9-4E2D-9F88-E64AE1473518}.Release|Any CPU.ActiveCfg = Release|Any CPU
		{681554EB-49A9-4E2D-9F88-E64AE1473518}.Release|Any CPU.Build.0 = Release|Any CPU
		{320AA49E-8106-4EA2-9878-E61FB0F83DBE}.Debug|Any CPU.ActiveCfg = Debug|Any CPU
		{320AA49E-8106-4EA2-9878-E61FB0F83DBE}.Debug|Any CPU.Build.0 = Debug|Any CPU
		{320AA49E-8106-4EA2-9878-E61FB0F83DBE}.Release|Any CPU.ActiveCfg = Release|Any CPU
		{320AA49E-8106-4EA2-9878-E61FB0F83DBE}.Release|Any CPU.Build.0 = Release|Any CPU
		{A714C48A-95FF-4588-AF48-1F01EB11CF08}.Debug|Any CPU.ActiveCfg = Debug|Any CPU
		{A714C48A-95FF-4588-AF48-1F01EB11CF08}.Debug|Any CPU.Build.0 = Debug|Any CPU
		{A714C48A-95FF-4588-AF48-1F01EB11CF08}.Release|Any CPU.ActiveCfg = Release|Any CPU
		{A714C48A-95FF-4588-AF48-1F01EB11CF08}.Release|Any CPU.Build.0 = Release|Any CPU
		{F75EA892-0012-400F-9574-85214AEBAC27}.Debug|Any CPU.ActiveCfg = Debug|Any CPU
		{F75EA892-0012-400F-9574-85214AEBAC27}.Debug|Any CPU.Build.0 = Debug|Any CPU
		{F75EA892-0012-400F-9574-85214AEBAC27}.Release|Any CPU.ActiveCfg = Release|Any CPU
		{F75EA892-0012-400F-9574-85214AEBAC27}.Release|Any CPU.Build.0 = Release|Any CPU
		{08E11E45-7878-4CE1-A6D1-E55232B79C1F}.Debug|Any CPU.ActiveCfg = Debug|Any CPU
		{08E11E45-7878-4CE1-A6D1-E55232B79C1F}.Debug|Any CPU.Build.0 = Debug|Any CPU
		{08E11E45-7878-4CE1-A6D1-E55232B79C1F}.Release|Any CPU.ActiveCfg = Release|Any CPU
		{08E11E45-7878-4CE1-A6D1-E55232B79C1F}.Release|Any CPU.Build.0 = Release|Any CPU
		{30A7E4AD-2B79-46B9-9A12-E954A50FA608}.Debug|Any CPU.ActiveCfg = Debug|Any CPU
		{30A7E4AD-2B79-46B9-9A12-E954A50FA608}.Debug|Any CPU.Build.0 = Debug|Any CPU
		{30A7E4AD-2B79-46B9-9A12-E954A50FA608}.Release|Any CPU.ActiveCfg = Release|Any CPU
		{30A7E4AD-2B79-46B9-9A12-E954A50FA608}.Release|Any CPU.Build.0 = Release|Any CPU
		{DE5EA0FD-6175-4AFE-B0A4-EA22F495B484}.Debug|Any CPU.ActiveCfg = Debug|Any CPU
		{DE5EA0FD-6175-4AFE-B0A4-EA22F495B484}.Debug|Any CPU.Build.0 = Debug|Any CPU
		{DE5EA0FD-6175-4AFE-B0A4-EA22F495B484}.Release|Any CPU.ActiveCfg = Release|Any CPU
		{DE5EA0FD-6175-4AFE-B0A4-EA22F495B484}.Release|Any CPU.Build.0 = Release|Any CPU
		{2584013C-C607-4B7B-856B-77BA994EAF50}.Debug|Any CPU.ActiveCfg = Debug|Any CPU
		{2584013C-C607-4B7B-856B-77BA994EAF50}.Debug|Any CPU.Build.0 = Debug|Any CPU
		{2584013C-C607-4B7B-856B-77BA994EAF50}.Release|Any CPU.ActiveCfg = Release|Any CPU
		{2584013C-C607-4B7B-856B-77BA994EAF50}.Release|Any CPU.Build.0 = Release|Any CPU
		{214513B4-28EB-4A55-A74D-5A74EBDC5642}.Debug|Any CPU.ActiveCfg = Debug|Any CPU
		{214513B4-28EB-4A55-A74D-5A74EBDC5642}.Debug|Any CPU.Build.0 = Debug|Any CPU
		{214513B4-28EB-4A55-A74D-5A74EBDC5642}.Release|Any CPU.ActiveCfg = Release|Any CPU
		{214513B4-28EB-4A55-A74D-5A74EBDC5642}.Release|Any CPU.Build.0 = Release|Any CPU
		{E79232B6-FB8A-4F90-8583-A0E2BB01A0E9}.Debug|Any CPU.ActiveCfg = Debug|Any CPU
		{E79232B6-FB8A-4F90-8583-A0E2BB01A0E9}.Debug|Any CPU.Build.0 = Debug|Any CPU
		{E79232B6-FB8A-4F90-8583-A0E2BB01A0E9}.Release|Any CPU.ActiveCfg = Release|Any CPU
		{E79232B6-FB8A-4F90-8583-A0E2BB01A0E9}.Release|Any CPU.Build.0 = Release|Any CPU
	EndGlobalSection
	GlobalSection(SolutionProperties) = preSolution
		HideSolutionNode = FALSE
	EndGlobalSection
	GlobalSection(NestedProjects) = preSolution
		{B7111CA7-2AEA-4E5E-A703-54AA17755854} = {A4771E56-375F-49F6-A844-E80038F99826}
		{2594A30A-884C-41FA-9ADE-4B9DFE2118DE} = {A0B1D57B-14AE-45D0-979B-882431145F98}
		{320AA49E-8106-4EA2-9878-E61FB0F83DBE} = {2594A30A-884C-41FA-9ADE-4B9DFE2118DE}
		{A4771E56-375F-49F6-A844-E80038F99826} = {A0B1D57B-14AE-45D0-979B-882431145F98}
		{8C0B77E2-A479-4490-BC34-BF36A4932D20} = {A0B1D57B-14AE-45D0-979B-882431145F98}
		{A714C48A-95FF-4588-AF48-1F01EB11CF08} = {8C0B77E2-A479-4490-BC34-BF36A4932D20}
		{F75EA892-0012-400F-9574-85214AEBAC27} = {8C0B77E2-A479-4490-BC34-BF36A4932D20}
		{5675BFAC-4F99-47C2-81D9-17D25F4FDD8C} = {A0B1D57B-14AE-45D0-979B-882431145F98}
		{08E11E45-7878-4CE1-A6D1-E55232B79C1F} = {5675BFAC-4F99-47C2-81D9-17D25F4FDD8C}
		{30A7E4AD-2B79-46B9-9A12-E954A50FA608} = {5675BFAC-4F99-47C2-81D9-17D25F4FDD8C}
		{DE5EA0FD-6175-4AFE-B0A4-EA22F495B484} = {5675BFAC-4F99-47C2-81D9-17D25F4FDD8C}
		{2584013C-C607-4B7B-856B-77BA994EAF50} = {5675BFAC-4F99-47C2-81D9-17D25F4FDD8C}
		{214513B4-28EB-4A55-A74D-5A74EBDC5642} = {7C950566-96D2-49FF-BFD6-07A95DB99FDF}
		{E79232B6-FB8A-4F90-8583-A0E2BB01A0E9} = {CD171493-9D09-4795-BC36-D60DA27D2961}
	EndGlobalSection
	GlobalSection(ExtensibilityGlobals) = postSolution
		SolutionGuid = {187434E2-332D-409F-9E8F-804FC1E616C2}
	EndGlobalSection
EndGlobal
