
Microsoft Visual Studio Solution File, Format Version 12.00
# Visual Studio Version 17
VisualStudioVersion = 17.2.32526.322
MinimumVisualStudioVersion = 10.0.40219.1
Project("{FAE04EC0-301F-11D3-BF4B-00C04F79EFBC}") = "Catalog.API", "src\Services\Catalog\Catalog.API\Catalog.API.csproj", "{82525748-95F3-4952-9566-507AE92FDBDE}"
EndProject
Global
	GlobalSection(SolutionConfigurationPlatforms) = preSolution
		Debug|Any CPU = Debug|Any CPU
		Release|Any CPU = Release|Any CPU
	EndGlobalSection
	GlobalSection(ProjectConfigurationPlatforms) = postSolution
		{82525748-95F3-4952-9566-507AE92FDBDE}.Debug|Any CPU.ActiveCfg = Debug|Any CPU
		{82525748-95F3-4952-9566-507AE92FDBDE}.Debug|Any CPU.Build.0 = Debug|Any CPU
		{82525748-95F3-4952-9566-507AE92FDBDE}.Release|Any CPU.ActiveCfg = Release|Any CPU
		{82525748-95F3-4952-9566-507AE92FDBDE}.Release|Any CPU.Build.0 = Release|Any CPU
	EndGlobalSection
	GlobalSection(SolutionProperties) = preSolution
		HideSolutionNode = FALSE
	EndGlobalSection
	GlobalSection(ExtensibilityGlobals) = postSolution
		SolutionGuid = {187434E2-332D-409F-9E8F-804FC1E616C2}
	EndGlobalSection
EndGlobal
